
Microsoft Visual Studio Solution File, Format Version 12.00
# Visual Studio Version 17
VisualStudioVersion = 17.1.32210.238
MinimumVisualStudioVersion = 10.0.40219.1
Project("{FAE04EC0-301F-11D3-BF4B-00C04F79EFBC}") = "EJERCICIO1", "EJERCICIO1.csproj", "{EC5F4240-9248-45AF-970B-0CEF82C6EAEC}"
EndProject
Global
	GlobalSection(SolutionConfigurationPlatforms) = preSolution
		Debug|Any CPU = Debug|Any CPU
		Release|Any CPU = Release|Any CPU
	EndGlobalSection
	GlobalSection(ProjectConfigurationPlatforms) = postSolution
		{EC5F4240-9248-45AF-970B-0CEF82C6EAEC}.Debug|Any CPU.ActiveCfg = Debug|Any CPU
		{EC5F4240-9248-45AF-970B-0CEF82C6EAEC}.Debug|Any CPU.Build.0 = Debug|Any CPU
		{EC5F4240-9248-45AF-970B-0CEF82C6EAEC}.Release|Any CPU.ActiveCfg = Release|Any CPU
		{EC5F4240-9248-45AF-970B-0CEF82C6EAEC}.Release|Any CPU.Build.0 = Release|Any CPU
	EndGlobalSection
	GlobalSection(SolutionProperties) = preSolution
		HideSolutionNode = FALSE
	EndGlobalSection
	GlobalSection(ExtensibilityGlobals) = postSolution
		SolutionGuid = {639BB44E-19D3-474A-8D46-BADDCB751FB5}
	EndGlobalSection
EndGlobal
